
Microsoft Visual Studio Solution File, Format Version 12.00
# Visual Studio 15
VisualStudioVersion = 15.0.26124.0
MinimumVisualStudioVersion = 15.0.26124.0
Project("{F2A71F9B-5D33-465A-A702-920D77279786}") = "aoc01", "01\aoc01.fsproj", "{6FD86443-9F6E-4512-9580-B0208DFE5B03}"
EndProject
Project("{F2A71F9B-5D33-465A-A702-920D77279786}") = "aoc02", "02\aoc02.fsproj", "{3DD96C9B-5B37-4991-9EBB-7E7FC3C785CA}"
EndProject
Project("{F2A71F9B-5D33-465A-A702-920D77279786}") = "lib", "lib\lib.fsproj", "{6FB95F6B-0F85-4E10-B701-04D65469A879}"
EndProject
Project("{F2A71F9B-5D33-465A-A702-920D77279786}") = "aoc03", "03\aoc03.fsproj", "{1EDF4CE3-0857-4AD9-A711-F42AD1FBB15D}"
EndProject
Project("{F2A71F9B-5D33-465A-A702-920D77279786}") = "aoc04", "04\aoc04.fsproj", "{0B906FB1-5D58-4A7A-ADDD-70586F650C2F}"
EndProject
Project("{F2A71F9B-5D33-465A-A702-920D77279786}") = "aoc05", "05\aoc05.fsproj", "{CD7C98D6-121F-4912-AF30-995251037CCB}"
EndProject
Project("{F2A71F9B-5D33-465A-A702-920D77279786}") = "aoc06", "06\aoc06.fsproj", "{7C85EA46-ECE2-447D-98FE-20CBB27EBF09}"
EndProject
Project("{F2A71F9B-5D33-465A-A702-920D77279786}") = "aoc07", "07\aoc07.fsproj", "{07922D99-B826-447C-B45D-9C79FE2428CB}"
EndProject
Project("{F2A71F9B-5D33-465A-A702-920D77279786}") = "aoc08", "08\aoc08.fsproj", "{A37A5663-3BAE-4FDE-B43A-D234A398AAC8}"
EndProject
Global
	GlobalSection(SolutionConfigurationPlatforms) = preSolution
		Debug|Any CPU = Debug|Any CPU
		Debug|x64 = Debug|x64
		Debug|x86 = Debug|x86
		Release|Any CPU = Release|Any CPU
		Release|x64 = Release|x64
		Release|x86 = Release|x86
	EndGlobalSection
	GlobalSection(SolutionProperties) = preSolution
		HideSolutionNode = FALSE
	EndGlobalSection
	GlobalSection(ProjectConfigurationPlatforms) = postSolution
		{6FD86443-9F6E-4512-9580-B0208DFE5B03}.Debug|Any CPU.ActiveCfg = Debug|Any CPU
		{6FD86443-9F6E-4512-9580-B0208DFE5B03}.Debug|Any CPU.Build.0 = Debug|Any CPU
		{6FD86443-9F6E-4512-9580-B0208DFE5B03}.Debug|x64.ActiveCfg = Debug|Any CPU
		{6FD86443-9F6E-4512-9580-B0208DFE5B03}.Debug|x64.Build.0 = Debug|Any CPU
		{6FD86443-9F6E-4512-9580-B0208DFE5B03}.Debug|x86.ActiveCfg = Debug|Any CPU
		{6FD86443-9F6E-4512-9580-B0208DFE5B03}.Debug|x86.Build.0 = Debug|Any CPU
		{6FD86443-9F6E-4512-9580-B0208DFE5B03}.Release|Any CPU.ActiveCfg = Release|Any CPU
		{6FD86443-9F6E-4512-9580-B0208DFE5B03}.Release|Any CPU.Build.0 = Release|Any CPU
		{6FD86443-9F6E-4512-9580-B0208DFE5B03}.Release|x64.ActiveCfg = Release|Any CPU
		{6FD86443-9F6E-4512-9580-B0208DFE5B03}.Release|x64.Build.0 = Release|Any CPU
		{6FD86443-9F6E-4512-9580-B0208DFE5B03}.Release|x86.ActiveCfg = Release|Any CPU
		{6FD86443-9F6E-4512-9580-B0208DFE5B03}.Release|x86.Build.0 = Release|Any CPU
		{3DD96C9B-5B37-4991-9EBB-7E7FC3C785CA}.Debug|Any CPU.ActiveCfg = Debug|Any CPU
		{3DD96C9B-5B37-4991-9EBB-7E7FC3C785CA}.Debug|Any CPU.Build.0 = Debug|Any CPU
		{3DD96C9B-5B37-4991-9EBB-7E7FC3C785CA}.Debug|x64.ActiveCfg = Debug|Any CPU
		{3DD96C9B-5B37-4991-9EBB-7E7FC3C785CA}.Debug|x64.Build.0 = Debug|Any CPU
		{3DD96C9B-5B37-4991-9EBB-7E7FC3C785CA}.Debug|x86.ActiveCfg = Debug|Any CPU
		{3DD96C9B-5B37-4991-9EBB-7E7FC3C785CA}.Debug|x86.Build.0 = Debug|Any CPU
		{3DD96C9B-5B37-4991-9EBB-7E7FC3C785CA}.Release|Any CPU.ActiveCfg = Release|Any CPU
		{3DD96C9B-5B37-4991-9EBB-7E7FC3C785CA}.Release|Any CPU.Build.0 = Release|Any CPU
		{3DD96C9B-5B37-4991-9EBB-7E7FC3C785CA}.Release|x64.ActiveCfg = Release|Any CPU
		{3DD96C9B-5B37-4991-9EBB-7E7FC3C785CA}.Release|x64.Build.0 = Release|Any CPU
		{3DD96C9B-5B37-4991-9EBB-7E7FC3C785CA}.Release|x86.ActiveCfg = Release|Any CPU
		{3DD96C9B-5B37-4991-9EBB-7E7FC3C785CA}.Release|x86.Build.0 = Release|Any CPU
		{6FB95F6B-0F85-4E10-B701-04D65469A879}.Debug|Any CPU.ActiveCfg = Debug|Any CPU
		{6FB95F6B-0F85-4E10-B701-04D65469A879}.Debug|Any CPU.Build.0 = Debug|Any CPU
		{6FB95F6B-0F85-4E10-B701-04D65469A879}.Debug|x64.ActiveCfg = Debug|Any CPU
		{6FB95F6B-0F85-4E10-B701-04D65469A879}.Debug|x64.Build.0 = Debug|Any CPU
		{6FB95F6B-0F85-4E10-B701-04D65469A879}.Debug|x86.ActiveCfg = Debug|Any CPU
		{6FB95F6B-0F85-4E10-B701-04D65469A879}.Debug|x86.Build.0 = Debug|Any CPU
		{6FB95F6B-0F85-4E10-B701-04D65469A879}.Release|Any CPU.ActiveCfg = Release|Any CPU
		{6FB95F6B-0F85-4E10-B701-04D65469A879}.Release|Any CPU.Build.0 = Release|Any CPU
		{6FB95F6B-0F85-4E10-B701-04D65469A879}.Release|x64.ActiveCfg = Release|Any CPU
		{6FB95F6B-0F85-4E10-B701-04D65469A879}.Release|x64.Build.0 = Release|Any CPU
		{6FB95F6B-0F85-4E10-B701-04D65469A879}.Release|x86.ActiveCfg = Release|Any CPU
		{6FB95F6B-0F85-4E10-B701-04D65469A879}.Release|x86.Build.0 = Release|Any CPU
		{1EDF4CE3-0857-4AD9-A711-F42AD1FBB15D}.Debug|Any CPU.ActiveCfg = Debug|Any CPU
		{1EDF4CE3-0857-4AD9-A711-F42AD1FBB15D}.Debug|Any CPU.Build.0 = Debug|Any CPU
		{1EDF4CE3-0857-4AD9-A711-F42AD1FBB15D}.Debug|x64.ActiveCfg = Debug|Any CPU
		{1EDF4CE3-0857-4AD9-A711-F42AD1FBB15D}.Debug|x64.Build.0 = Debug|Any CPU
		{1EDF4CE3-0857-4AD9-A711-F42AD1FBB15D}.Debug|x86.ActiveCfg = Debug|Any CPU
		{1EDF4CE3-0857-4AD9-A711-F42AD1FBB15D}.Debug|x86.Build.0 = Debug|Any CPU
		{1EDF4CE3-0857-4AD9-A711-F42AD1FBB15D}.Release|Any CPU.ActiveCfg = Release|Any CPU
		{1EDF4CE3-0857-4AD9-A711-F42AD1FBB15D}.Release|Any CPU.Build.0 = Release|Any CPU
		{1EDF4CE3-0857-4AD9-A711-F42AD1FBB15D}.Release|x64.ActiveCfg = Release|Any CPU
		{1EDF4CE3-0857-4AD9-A711-F42AD1FBB15D}.Release|x64.Build.0 = Release|Any CPU
		{1EDF4CE3-0857-4AD9-A711-F42AD1FBB15D}.Release|x86.ActiveCfg = Release|Any CPU
		{1EDF4CE3-0857-4AD9-A711-F42AD1FBB15D}.Release|x86.Build.0 = Release|Any CPU
		{0B906FB1-5D58-4A7A-ADDD-70586F650C2F}.Debug|Any CPU.ActiveCfg = Debug|Any CPU
		{0B906FB1-5D58-4A7A-ADDD-70586F650C2F}.Debug|Any CPU.Build.0 = Debug|Any CPU
		{0B906FB1-5D58-4A7A-ADDD-70586F650C2F}.Debug|x64.ActiveCfg = Debug|Any CPU
		{0B906FB1-5D58-4A7A-ADDD-70586F650C2F}.Debug|x64.Build.0 = Debug|Any CPU
		{0B906FB1-5D58-4A7A-ADDD-70586F650C2F}.Debug|x86.ActiveCfg = Debug|Any CPU
		{0B906FB1-5D58-4A7A-ADDD-70586F650C2F}.Debug|x86.Build.0 = Debug|Any CPU
		{0B906FB1-5D58-4A7A-ADDD-70586F650C2F}.Release|Any CPU.ActiveCfg = Release|Any CPU
		{0B906FB1-5D58-4A7A-ADDD-70586F650C2F}.Release|Any CPU.Build.0 = Release|Any CPU
		{0B906FB1-5D58-4A7A-ADDD-70586F650C2F}.Release|x64.ActiveCfg = Release|Any CPU
		{0B906FB1-5D58-4A7A-ADDD-70586F650C2F}.Release|x64.Build.0 = Release|Any CPU
		{0B906FB1-5D58-4A7A-ADDD-70586F650C2F}.Release|x86.ActiveCfg = Release|Any CPU
		{0B906FB1-5D58-4A7A-ADDD-70586F650C2F}.Release|x86.Build.0 = Release|Any CPU
		{CD7C98D6-121F-4912-AF30-995251037CCB}.Debug|Any CPU.ActiveCfg = Debug|Any CPU
		{CD7C98D6-121F-4912-AF30-995251037CCB}.Debug|Any CPU.Build.0 = Debug|Any CPU
		{CD7C98D6-121F-4912-AF30-995251037CCB}.Debug|x64.ActiveCfg = Debug|Any CPU
		{CD7C98D6-121F-4912-AF30-995251037CCB}.Debug|x64.Build.0 = Debug|Any CPU
		{CD7C98D6-121F-4912-AF30-995251037CCB}.Debug|x86.ActiveCfg = Debug|Any CPU
		{CD7C98D6-121F-4912-AF30-995251037CCB}.Debug|x86.Build.0 = Debug|Any CPU
		{CD7C98D6-121F-4912-AF30-995251037CCB}.Release|Any CPU.ActiveCfg = Release|Any CPU
		{CD7C98D6-121F-4912-AF30-995251037CCB}.Release|Any CPU.Build.0 = Release|Any CPU
		{CD7C98D6-121F-4912-AF30-995251037CCB}.Release|x64.ActiveCfg = Release|Any CPU
		{CD7C98D6-121F-4912-AF30-995251037CCB}.Release|x64.Build.0 = Release|Any CPU
		{CD7C98D6-121F-4912-AF30-995251037CCB}.Release|x86.ActiveCfg = Release|Any CPU
		{CD7C98D6-121F-4912-AF30-995251037CCB}.Release|x86.Build.0 = Release|Any CPU
		{7C85EA46-ECE2-447D-98FE-20CBB27EBF09}.Debug|Any CPU.ActiveCfg = Debug|Any CPU
		{7C85EA46-ECE2-447D-98FE-20CBB27EBF09}.Debug|Any CPU.Build.0 = Debug|Any CPU
		{7C85EA46-ECE2-447D-98FE-20CBB27EBF09}.Debug|x64.ActiveCfg = Debug|Any CPU
		{7C85EA46-ECE2-447D-98FE-20CBB27EBF09}.Debug|x64.Build.0 = Debug|Any CPU
		{7C85EA46-ECE2-447D-98FE-20CBB27EBF09}.Debug|x86.ActiveCfg = Debug|Any CPU
		{7C85EA46-ECE2-447D-98FE-20CBB27EBF09}.Debug|x86.Build.0 = Debug|Any CPU
		{7C85EA46-ECE2-447D-98FE-20CBB27EBF09}.Release|Any CPU.ActiveCfg = Release|Any CPU
		{7C85EA46-ECE2-447D-98FE-20CBB27EBF09}.Release|Any CPU.Build.0 = Release|Any CPU
		{7C85EA46-ECE2-447D-98FE-20CBB27EBF09}.Release|x64.ActiveCfg = Release|Any CPU
		{7C85EA46-ECE2-447D-98FE-20CBB27EBF09}.Release|x64.Build.0 = Release|Any CPU
		{7C85EA46-ECE2-447D-98FE-20CBB27EBF09}.Release|x86.ActiveCfg = Release|Any CPU
		{7C85EA46-ECE2-447D-98FE-20CBB27EBF09}.Release|x86.Build.0 = Release|Any CPU
		{07922D99-B826-447C-B45D-9C79FE2428CB}.Debug|Any CPU.ActiveCfg = Debug|Any CPU
		{07922D99-B826-447C-B45D-9C79FE2428CB}.Debug|Any CPU.Build.0 = Debug|Any CPU
		{07922D99-B826-447C-B45D-9C79FE2428CB}.Debug|x64.ActiveCfg = Debug|Any CPU
		{07922D99-B826-447C-B45D-9C79FE2428CB}.Debug|x64.Build.0 = Debug|Any CPU
		{07922D99-B826-447C-B45D-9C79FE2428CB}.Debug|x86.ActiveCfg = Debug|Any CPU
		{07922D99-B826-447C-B45D-9C79FE2428CB}.Debug|x86.Build.0 = Debug|Any CPU
		{07922D99-B826-447C-B45D-9C79FE2428CB}.Release|Any CPU.ActiveCfg = Release|Any CPU
		{07922D99-B826-447C-B45D-9C79FE2428CB}.Release|Any CPU.Build.0 = Release|Any CPU
		{07922D99-B826-447C-B45D-9C79FE2428CB}.Release|x64.ActiveCfg = Release|Any CPU
		{07922D99-B826-447C-B45D-9C79FE2428CB}.Release|x64.Build.0 = Release|Any CPU
		{07922D99-B826-447C-B45D-9C79FE2428CB}.Release|x86.ActiveCfg = Release|Any CPU
		{07922D99-B826-447C-B45D-9C79FE2428CB}.Release|x86.Build.0 = Release|Any CPU
		{A37A5663-3BAE-4FDE-B43A-D234A398AAC8}.Debug|Any CPU.ActiveCfg = Debug|Any CPU
		{A37A5663-3BAE-4FDE-B43A-D234A398AAC8}.Debug|Any CPU.Build.0 = Debug|Any CPU
		{A37A5663-3BAE-4FDE-B43A-D234A398AAC8}.Debug|x64.ActiveCfg = Debug|Any CPU
		{A37A5663-3BAE-4FDE-B43A-D234A398AAC8}.Debug|x64.Build.0 = Debug|Any CPU
		{A37A5663-3BAE-4FDE-B43A-D234A398AAC8}.Debug|x86.ActiveCfg = Debug|Any CPU
		{A37A5663-3BAE-4FDE-B43A-D234A398AAC8}.Debug|x86.Build.0 = Debug|Any CPU
		{A37A5663-3BAE-4FDE-B43A-D234A398AAC8}.Release|Any CPU.ActiveCfg = Release|Any CPU
		{A37A5663-3BAE-4FDE-B43A-D234A398AAC8}.Release|Any CPU.Build.0 = Release|Any CPU
		{A37A5663-3BAE-4FDE-B43A-D234A398AAC8}.Release|x64.ActiveCfg = Release|Any CPU
		{A37A5663-3BAE-4FDE-B43A-D234A398AAC8}.Release|x64.Build.0 = Release|Any CPU
		{A37A5663-3BAE-4FDE-B43A-D234A398AAC8}.Release|x86.ActiveCfg = Release|Any CPU
		{A37A5663-3BAE-4FDE-B43A-D234A398AAC8}.Release|x86.Build.0 = Release|Any CPU
	EndGlobalSection
EndGlobal
